<Solution>
  <Configurations>
    <Platform Name="x64" />
  </Configurations>
  <Project Path="Lyriser.Core/Lyriser.Core.csproj">
    <Platform Project="x64" />
  </Project>
  <Project Path="Lyriser.Tests/Lyriser.Tests.csproj">
    <Platform Project="x64" />
  </Project>
  <Project Path="Lyriser/Lyriser.csproj">
    <Platform Project="x64" />
  </Project>
</Solution>
